
Microsoft Visual Studio Solution File, Format Version 12.00
# Visual Studio Version 16
VisualStudioVersion = 16.0.31910.168
MinimumVisualStudioVersion = 10.0.40219.1
Project("{9A19103F-16F7-4668-BE54-9A1E7A4F7556}") = "VideoSearchService.DAL", "VideoSearchService.DAL\VideoSearchService.DAL.csproj", "{8288F5FD-7862-4813-9A04-C2155ADF7CC5}"
EndProject
Project("{9A19103F-16F7-4668-BE54-9A1E7A4F7556}") = "VideoSearchService.Service", "VideoSearchService.Service\VideoSearchService.Service.csproj", "{7D6FD96B-38BE-4189-9089-55280D319D2B}"
EndProject
Project("{9A19103F-16F7-4668-BE54-9A1E7A4F7556}") = "VideoSearchService.Test", "VideoSearchService.Test\VideoSearchService.Test.csproj", "{9C03AB1A-BFBD-4C37-8415-AA697FDEBF5D}"
EndProject
Project("{FAE04EC0-301F-11D3-BF4B-00C04F79EFBC}") = "VideoSearchService.UI", "VideoSearchService.UI\VideoSearchService.UI.csproj", "{8D84D302-E1DA-4A88-B565-D37C40C2CB10}"
EndProject
Global
	GlobalSection(SolutionConfigurationPlatforms) = preSolution
		Debug|Any CPU = Debug|Any CPU
		Release|Any CPU = Release|Any CPU
	EndGlobalSection
	GlobalSection(ProjectConfigurationPlatforms) = postSolution
		{8288F5FD-7862-4813-9A04-C2155ADF7CC5}.Debug|Any CPU.ActiveCfg = Debug|Any CPU
		{8288F5FD-7862-4813-9A04-C2155ADF7CC5}.Debug|Any CPU.Build.0 = Debug|Any CPU
		{8288F5FD-7862-4813-9A04-C2155ADF7CC5}.Release|Any CPU.ActiveCfg = Release|Any CPU
		{8288F5FD-7862-4813-9A04-C2155ADF7CC5}.Release|Any CPU.Build.0 = Release|Any CPU
		{7D6FD96B-38BE-4189-9089-55280D319D2B}.Debug|Any CPU.ActiveCfg = Debug|Any CPU
		{7D6FD96B-38BE-4189-9089-55280D319D2B}.Debug|Any CPU.Build.0 = Debug|Any CPU
		{7D6FD96B-38BE-4189-9089-55280D319D2B}.Release|Any CPU.ActiveCfg = Release|Any CPU
		{7D6FD96B-38BE-4189-9089-55280D319D2B}.Release|Any CPU.Build.0 = Release|Any CPU
		{9C03AB1A-BFBD-4C37-8415-AA697FDEBF5D}.Debug|Any CPU.ActiveCfg = Debug|Any CPU
		{9C03AB1A-BFBD-4C37-8415-AA697FDEBF5D}.Debug|Any CPU.Build.0 = Debug|Any CPU
		{9C03AB1A-BFBD-4C37-8415-AA697FDEBF5D}.Release|Any CPU.ActiveCfg = Release|Any CPU
		{9C03AB1A-BFBD-4C37-8415-AA697FDEBF5D}.Release|Any CPU.Build.0 = Release|Any CPU
		{8D84D302-E1DA-4A88-B565-D37C40C2CB10}.Debug|Any CPU.ActiveCfg = Debug|Any CPU
		{8D84D302-E1DA-4A88-B565-D37C40C2CB10}.Debug|Any CPU.Build.0 = Debug|Any CPU
		{8D84D302-E1DA-4A88-B565-D37C40C2CB10}.Release|Any CPU.ActiveCfg = Release|Any CPU
		{8D84D302-E1DA-4A88-B565-D37C40C2CB10}.Release|Any CPU.Build.0 = Release|Any CPU
	EndGlobalSection
	GlobalSection(SolutionProperties) = preSolution
		HideSolutionNode = FALSE
	EndGlobalSection
	GlobalSection(ExtensibilityGlobals) = postSolution
		SolutionGuid = {DF3D50DF-6C99-4CF3-A584-C73E021375D5}
	EndGlobalSection
EndGlobal
